<?xml version="1.0" encoding="utf-8"?>
<Project ToolsVersion="4.0" xmlns="http://schemas.microsoft.com/developer/msbuild/2003">
  <ItemGroup>
    <Filter Include="Resource Files">
      <UniqueIdentifier>{67DA6AB6-F800-4c08-8B7A-83BB121AAD01}</UniqueIdentifier>
      <Extensions>rc;ico;cur;bmp;dlg;rc2;rct;bin;rgs;gif;jpg;jpeg;jpe;resx;tiff;tif;png;wav</Extensions>
    </Filter>
    <Filter Include="Shaders">
      <UniqueIdentifier>{cb4d2067-274f-49ea-b5bd-ebcd44265a07}</UniqueIdentifier>
    </Filter>
    <Filter Include="Sculpt3D">
      <UniqueIdentifier>{d4859d5a-2238-47a2-8bd0-7abe48623d7a}</UniqueIdentifier>
    </Filter>
    <Filter Include="Util">
      <UniqueIdentifier>{bf9ecc76-77a4-4be9-b903-a72f09f304d3}</UniqueIdentifier>
    </Filter>
    <Filter Include="CubeMapGenMod">
      <UniqueIdentifier>{12aa0461-e4d1-409d-acb4-15d75e25428a}</UniqueIdentifier>
    </Filter>
    <Filter Include="LeapInteraction">
      <UniqueIdentifier>{29e1702b-2480-4245-93c5-ee38c142c20f}</UniqueIdentifier>
    </Filter>
    <Filter Include="Application">
      <UniqueIdentifier>{4FC737F1-C7A5-4376-A066-2A32D752A2FF}</UniqueIdentifier>
      <Extensions>cpp;c;cc;cxx;def;odl;idl;hpj;bat;asm;asmx</Extensions>
    </Filter>
    <Filter Include="PCH">
      <UniqueIdentifier>{93995380-89BD-4b04-88EB-625FBE52EBFB}</UniqueIdentifier>
      <Extensions>h;hpp;hxx;hm;inl;inc;xsd</Extensions>
    </Filter>
  </ItemGroup>
  <ItemGroup>
    <ClCompile Include="..\..\src\UserInterface.cpp">
      <Filter>Application</Filter>
    </ClCompile>
    <ClCompile Include="..\..\src\Freeform.cpp">
      <Filter>Application</Filter>
    </ClCompile>
    <ClCompile Include="..\..\src\Aabb.cpp">
      <Filter>Sculpt3D</Filter>
    </ClCompile>
    <ClCompile Include="..\..\src\Camera.cpp">
      <Filter>Sculpt3D</Filter>
    </ClCompile>
    <ClCompile Include="..\..\src\Geometry.cpp">
      <Filter>Sculpt3D</Filter>
    </ClCompile>
    <ClCompile Include="..\..\src\Grid.cpp">
      <Filter>Sculpt3D</Filter>
    </ClCompile>
    <ClCompile Include="..\..\src\State.cpp">
      <Filter>Sculpt3D</Filter>
    </ClCompile>
    <ClCompile Include="..\..\src\Tools.cpp">
      <Filter>Sculpt3D</Filter>
    </ClCompile>
    <ClCompile Include="..\..\src\Triangle.cpp">
      <Filter>Sculpt3D</Filter>
    </ClCompile>
    <ClCompile Include="..\..\src\Vertex.cpp">
      <Filter>Sculpt3D</Filter>
    </ClCompile>
    <ClCompile Include="..\..\src\Files.cpp">
      <Filter>Sculpt3D</Filter>
    </ClCompile>
    <ClCompile Include="..\..\src\Octree.cpp">
      <Filter>Sculpt3D</Filter>
    </ClCompile>
    <ClCompile Include="..\..\src\Mesh.cpp">
      <Filter>Sculpt3D</Filter>
    </ClCompile>
    <ClCompile Include="..\..\src\Picking.cpp">
      <Filter>Sculpt3D</Filter>
    </ClCompile>
    <ClCompile Include="..\..\src\Print3D.cpp">
      <Filter>Sculpt3D</Filter>
    </ClCompile>
    <ClCompile Include="..\..\src\Brush.cpp">
      <Filter>Sculpt3D</Filter>
    </ClCompile>
    <ClCompile Include="..\..\src\GLBuffer.cpp">
      <Filter>Util</Filter>
    </ClCompile>
    <ClCompile Include="..\..\src\TopologyAdaptive.cpp">
      <Filter>Sculpt3D</Filter>
    </ClCompile>
    <ClCompile Include="..\..\src\TopologyDecimation.cpp">
      <Filter>Sculpt3D</Filter>
    </ClCompile>
    <ClCompile Include="..\..\src\TopologySubdivision.cpp">
      <Filter>Sculpt3D</Filter>
    </ClCompile>
    <ClCompile Include="..\..\src\CBBoxInt32.cpp">
      <Filter>CubeMapGenMod</Filter>
    </ClCompile>
    <ClCompile Include="..\..\src\CCubeMapProcessor.cpp">
      <Filter>CubeMapGenMod</Filter>
    </ClCompile>
    <ClCompile Include="..\..\src\CImageSurface.cpp">
      <Filter>CubeMapGenMod</Filter>
    </ClCompile>
    <ClCompile Include="..\..\src\AutoSave.cpp">
      <Filter>Util</Filter>
    </ClCompile>
    <ClCompile Include="..\..\src\ReplayUtil.cpp">
      <Filter>Util</Filter>
    </ClCompile>
    <ClCompile Include="..\..\src\Sculpt.cpp">
      <Filter>Sculpt3D</Filter>
    </ClCompile>
    <ClCompile Include="..\..\src\DebugDrawUtil.cpp">
      <Filter>Util</Filter>
    </ClCompile>
    <ClCompile Include="..\..\src\CameraUtil.cpp">
      <Filter>Util</Filter>
    </ClCompile>
    <ClCompile Include="..\..\src\LeapInteraction.cpp">
      <Filter>LeapInteraction</Filter>
    </ClCompile>
    <ClCompile Include="..\..\src\LeapListener.cpp">
      <Filter>LeapInteraction</Filter>
    </ClCompile>
    <ClCompile Include="..\..\src\CrashReport.cpp">
      <Filter>Util</Filter>
    </ClCompile>
    <ClCompile Include="..\..\src\StdAfx.cpp">
      <Filter>PCH</Filter>
    </ClCompile>
    <ClCompile Include="..\..\src\CubeMapManager.cpp">
      <Filter>Application</Filter>
    </ClCompile>
  </ItemGroup>
  <ItemGroup>
    <ClInclude Include="..\..\include\VectorMacros.h">
      <Filter>Util</Filter>
    </ClInclude>
    <ClInclude Include="..\..\include\Aabb.h">
      <Filter>Sculpt3D</Filter>
    </ClInclude>
    <ClInclude Include="..\..\include\Camera.h">
      <Filter>Sculpt3D</Filter>
    </ClInclude>
    <ClInclude Include="..\..\include\Geometry.h">
      <Filter>Sculpt3D</Filter>
    </ClInclude>
    <ClInclude Include="..\..\include\Grid.h">
      <Filter>Sculpt3D</Filter>
    </ClInclude>
    <ClInclude Include="..\..\include\State.h">
      <Filter>Sculpt3D</Filter>
    </ClInclude>
    <ClInclude Include="..\..\include\Tools.h">
      <Filter>Sculpt3D</Filter>
    </ClInclude>
    <ClInclude Include="..\..\include\Triangle.h">
      <Filter>Sculpt3D</Filter>
    </ClInclude>
    <ClInclude Include="..\..\include\Vertex.h">
      <Filter>Sculpt3D</Filter>
    </ClInclude>
    <ClInclude Include="..\..\include\Utilities.h">
      <Filter>Util</Filter>
    </ClInclude>
    <ClInclude Include="..\..\include\Mesh.h">
      <Filter>Sculpt3D</Filter>
    </ClInclude>
    <ClInclude Include="..\..\include\Octree.h">
      <Filter>Sculpt3D</Filter>
    </ClInclude>
    <ClInclude Include="..\..\include\Picking.h">
      <Filter>Sculpt3D</Filter>
    </ClInclude>
    <ClInclude Include="..\..\include\Print3D.h">
      <Filter>Sculpt3D</Filter>
    </ClInclude>
    <ClInclude Include="..\..\include\Brush.h">
      <Filter>Sculpt3D</Filter>
    </ClInclude>
    <ClInclude Include="..\..\include\GLBuffer.h">
      <Filter>Util</Filter>
    </ClInclude>
    <ClInclude Include="..\..\include\CBBoxInt32.h">
      <Filter>CubeMapGenMod</Filter>
    </ClInclude>
    <ClInclude Include="..\..\include\CCubeMapProcessor.h">
      <Filter>CubeMapGenMod</Filter>
    </ClInclude>
    <ClInclude Include="..\..\include\CImageSurface.h">
      <Filter>CubeMapGenMod</Filter>
    </ClInclude>
    <ClInclude Include="..\..\include\AutoSave.h">
      <Filter>Util</Filter>
    </ClInclude>
    <ClInclude Include="..\..\include\CameraUtil.h">
      <Filter>Util</Filter>
    </ClInclude>
    <ClInclude Include="..\..\include\Topology.h">
      <Filter>Sculpt3D</Filter>
    </ClInclude>
    <ClInclude Include="..\..\include\ReplayUtil.h">
      <Filter>Util</Filter>
    </ClInclude>
    <ClInclude Include="..\..\include\Files.h">
      <Filter>Sculpt3D</Filter>
    </ClInclude>
    <ClInclude Include="..\..\include\Sculpt.h">
      <Filter>Sculpt3D</Filter>
    </ClInclude>
    <ClInclude Include="..\..\include\DebugDrawUtil.h">
      <Filter>Util</Filter>
    </ClInclude>
    <ClInclude Include="..\..\include\LeapInteraction.h">
      <Filter>LeapInteraction</Filter>
    </ClInclude>
    <ClInclude Include="..\..\include\LeapListener.h">
      <Filter>LeapInteraction</Filter>
    </ClInclude>
    <ClInclude Include="..\..\include\CrashReport.h">
      <Filter>Util</Filter>
    </ClInclude>
    <ClInclude Include="..\..\include\Common.h">
      <Filter>Util</Filter>
    </ClInclude>
    <ClInclude Include="..\..\include\DataTypes.h">
      <Filter>Util</Filter>
    </ClInclude>
    <ClInclude Include="..\..\include\Freeform.h">
      <Filter>Application</Filter>
    </ClInclude>
    <ClInclude Include="..\..\include\UserInterface.h">
      <Filter>Application</Filter>
    </ClInclude>
    <ClInclude Include="..\..\include\Resources.h">
      <Filter>Resource Files</Filter>
    </ClInclude>
    <ClInclude Include="..\..\include\StdAfx.h">
      <Filter>PCH</Filter>
    </ClInclude>
    <ClInclude Include="..\..\include\CubeMapManager.h">
      <Filter>Application</Filter>
    </ClInclude>
  </ItemGroup>
  <ItemGroup>
    <ResourceCompile Include="Resources.rc">
      <Filter>Resource Files</Filter>
    </ResourceCompile>
  </ItemGroup>
  <ItemGroup>
    <None Include="..\..\resources\material-frag.glsl">
      <Filter>Shaders</Filter>
    </None>
    <None Include="..\..\resources\material-vert.glsl">
      <Filter>Shaders</Filter>
    </None>
    <None Include="..\..\resources\screen-frag.glsl">
      <Filter>Shaders</Filter>
    </None>
    <None Include="..\..\resources\sky-frag.glsl">
      <Filter>Shaders</Filter>
    </None>
    <None Include="..\..\resources\sky-vert.glsl">
      <Filter>Shaders</Filter>
    </None>
    <None Include="..\..\resources\wireframe-frag.glsl">
      <Filter>Shaders</Filter>
    </None>
    <None Include="..\..\resources\bloom-frag.glsl">
      <Filter>Shaders</Filter>
    </None>
    <None Include="..\..\resources\brush-vert.glsl">
      <Filter>Shaders</Filter>
    </None>
  </ItemGroup>
</Project>